
Microsoft Visual Studio Solution File, Format Version 12.00
# Visual Studio Version 16
VisualStudioVersion = 16.0.29503.13
MinimumVisualStudioVersion = 10.0.40219.1
Project("{FAE04EC0-301F-11D3-BF4B-00C04F79EFBC}") = "TaxiFarePrediction", "TaxiFarePrediction.csproj", "{997CF696-A075-4A5F-A47F-D4A4B29FA6DD}"
EndProject
Project("{9A19103F-16F7-4668-BE54-9A1E7A4F7556}") = "TaxiFarePredictionML.Model", "..\TaxiFarePredictionML.Model\TaxiFarePredictionML.Model.csproj", "{1431DCBA-B1FE-4A90-903C-D86A2E92584C}"
EndProject
Project("{9A19103F-16F7-4668-BE54-9A1E7A4F7556}") = "TaxiFarePredictionML.ConsoleApp", "..\TaxiFarePredictionML.ConsoleApp\TaxiFarePredictionML.ConsoleApp.csproj", "{344AB330-C874-45E0-821B-B27A38B7A05C}"
EndProject
Global
	GlobalSection(SolutionConfigurationPlatforms) = preSolution
		Debug|Any CPU = Debug|Any CPU
		Release|Any CPU = Release|Any CPU
	EndGlobalSection
	GlobalSection(ProjectConfigurationPlatforms) = postSolution
		{997CF696-A075-4A5F-A47F-D4A4B29FA6DD}.Debug|Any CPU.ActiveCfg = Debug|Any CPU
		{997CF696-A075-4A5F-A47F-D4A4B29FA6DD}.Debug|Any CPU.Build.0 = Debug|Any CPU
		{997CF696-A075-4A5F-A47F-D4A4B29FA6DD}.Release|Any CPU.ActiveCfg = Release|Any CPU
		{997CF696-A075-4A5F-A47F-D4A4B29FA6DD}.Release|Any CPU.Build.0 = Release|Any CPU
		{1431DCBA-B1FE-4A90-903C-D86A2E92584C}.Debug|Any CPU.ActiveCfg = Debug|Any CPU
		{1431DCBA-B1FE-4A90-903C-D86A2E92584C}.Debug|Any CPU.Build.0 = Debug|Any CPU
		{1431DCBA-B1FE-4A90-903C-D86A2E92584C}.Release|Any CPU.ActiveCfg = Release|Any CPU
		{1431DCBA-B1FE-4A90-903C-D86A2E92584C}.Release|Any CPU.Build.0 = Release|Any CPU
		{344AB330-C874-45E0-821B-B27A38B7A05C}.Debug|Any CPU.ActiveCfg = Debug|Any CPU
		{344AB330-C874-45E0-821B-B27A38B7A05C}.Debug|Any CPU.Build.0 = Debug|Any CPU
		{344AB330-C874-45E0-821B-B27A38B7A05C}.Release|Any CPU.ActiveCfg = Release|Any CPU
		{344AB330-C874-45E0-821B-B27A38B7A05C}.Release|Any CPU.Build.0 = Release|Any CPU
	EndGlobalSection
	GlobalSection(SolutionProperties) = preSolution
		HideSolutionNode = FALSE
	EndGlobalSection
	GlobalSection(ExtensibilityGlobals) = postSolution
		SolutionGuid = {61D7E95D-01C3-4FF5-BC98-AA9E2ED7CA84}
	EndGlobalSection
EndGlobal
